
Microsoft Visual Studio Solution File, Format Version 12.00
# Visual Studio Version 17
VisualStudioVersion = 17.11.35312.102
MinimumVisualStudioVersion = 10.0.40219.1
Project("{2150E333-8FDC-42A3-9474-1A3956D46DE8}") = "ApiGateways", "ApiGateways", "{32401358-7DB0-4D21-983C-2D509AAAD73F}"
EndProject
Project("{2150E333-8FDC-42A3-9474-1A3956D46DE8}") = "BuildingBlocks", "BuildingBlocks", "{1C5F195F-5244-4B4A-91ED-EA82944D9B24}"
EndProject
Project("{2150E333-8FDC-42A3-9474-1A3956D46DE8}") = "Services", "Services", "{C647ECBE-E0A8-4F22-8523-CE87C7A5EC83}"
EndProject
Project("{9A19103F-16F7-4668-BE54-9A1E7A4F7556}") = "ApiGateway", "ApiGateway\ApiGateway\ApiGateway.csproj", "{A6CF1F8A-C2EF-487B-9075-457BCAB1BDDB}"
EndProject
Project("{2150E333-8FDC-42A3-9474-1A3956D46DE8}") = "Comms", "Comms", "{3AF1A95B-8604-4CD7-81E2-88326BCD111F}"
EndProject
Project("{9A19103F-16F7-4668-BE54-9A1E7A4F7556}") = "Comms.Application", "Services\Comms.Application\Comms.Application.csproj", "{6EDAAD4F-9EBC-4D3E-9E52-C26754C3AAB0}"
EndProject
Project("{9A19103F-16F7-4668-BE54-9A1E7A4F7556}") = "Comms.Domain", "Services\Comms.Domain\Comms.Domain.csproj", "{7DE9CB73-B42A-47E7-BCCD-BBFDC960A493}"
EndProject
Project("{9A19103F-16F7-4668-BE54-9A1E7A4F7556}") = "Comms.Infrastructure", "Services\Comms.Infrastructure\Comms.Infrastructure.csproj", "{D26ACDCB-A238-4CEF-8F8D-8EC1095A6C45}"
EndProject
Project("{9A19103F-16F7-4668-BE54-9A1E7A4F7556}") = "Comms.API", "Services\Comms.API\Comms.API.csproj", "{D8F2D9CC-3A80-493B-9B85-FAE99C63E199}"
EndProject
Project("{9A19103F-16F7-4668-BE54-9A1E7A4F7556}") = "BuildingBlocks", "BuildingBlocks\BuildingBlocks\BuildingBlocks.csproj", "{8B549D79-EB84-4424-817F-68813D96A9D8}"
EndProject
Project("{9A19103F-16F7-4668-BE54-9A1E7A4F7556}") = "BuildingBlocks.Messaging", "BuildingBlocks\BuildingBlocks.Messaging\BuildingBlocks.Messaging.csproj", "{D49B294E-8FB5-4774-9384-D8C19D18DC9E}"
EndProject
Project("{9A19103F-16F7-4668-BE54-9A1E7A4F7556}") = "ApiAuthServer", "ApiGateway\ApiAuthServer\ApiAuthServer.csproj", "{3DC0A8B9-7C1B-47B8-BC9F-ED73FDC763AA}"
EndProject
Project("{FAE04EC0-301F-11D3-BF4B-00C04F79EFBC}") = "UserAuthService", "ApiGateway\UserAuthService\UserAuthService.csproj", "{D7DABEF1-DBEA-4613-AF57-32A36E2F49A0}"
EndProject
Global
	GlobalSection(SolutionConfigurationPlatforms) = preSolution
		Debug|Any CPU = Debug|Any CPU
		Release|Any CPU = Release|Any CPU
	EndGlobalSection
	GlobalSection(ProjectConfigurationPlatforms) = postSolution
		{A6CF1F8A-C2EF-487B-9075-457BCAB1BDDB}.Debug|Any CPU.ActiveCfg = Debug|Any CPU
		{A6CF1F8A-C2EF-487B-9075-457BCAB1BDDB}.Debug|Any CPU.Build.0 = Debug|Any CPU
		{A6CF1F8A-C2EF-487B-9075-457BCAB1BDDB}.Release|Any CPU.ActiveCfg = Release|Any CPU
		{A6CF1F8A-C2EF-487B-9075-457BCAB1BDDB}.Release|Any CPU.Build.0 = Release|Any CPU
		{6EDAAD4F-9EBC-4D3E-9E52-C26754C3AAB0}.Debug|Any CPU.ActiveCfg = Debug|Any CPU
		{6EDAAD4F-9EBC-4D3E-9E52-C26754C3AAB0}.Debug|Any CPU.Build.0 = Debug|Any CPU
		{6EDAAD4F-9EBC-4D3E-9E52-C26754C3AAB0}.Release|Any CPU.ActiveCfg = Release|Any CPU
		{6EDAAD4F-9EBC-4D3E-9E52-C26754C3AAB0}.Release|Any CPU.Build.0 = Release|Any CPU
		{7DE9CB73-B42A-47E7-BCCD-BBFDC960A493}.Debug|Any CPU.ActiveCfg = Debug|Any CPU
		{7DE9CB73-B42A-47E7-BCCD-BBFDC960A493}.Debug|Any CPU.Build.0 = Debug|Any CPU
		{7DE9CB73-B42A-47E7-BCCD-BBFDC960A493}.Release|Any CPU.ActiveCfg = Release|Any CPU
		{7DE9CB73-B42A-47E7-BCCD-BBFDC960A493}.Release|Any CPU.Build.0 = Release|Any CPU
		{D26ACDCB-A238-4CEF-8F8D-8EC1095A6C45}.Debug|Any CPU.ActiveCfg = Debug|Any CPU
		{D26ACDCB-A238-4CEF-8F8D-8EC1095A6C45}.Debug|Any CPU.Build.0 = Debug|Any CPU
		{D26ACDCB-A238-4CEF-8F8D-8EC1095A6C45}.Release|Any CPU.ActiveCfg = Release|Any CPU
		{D26ACDCB-A238-4CEF-8F8D-8EC1095A6C45}.Release|Any CPU.Build.0 = Release|Any CPU
		{D8F2D9CC-3A80-493B-9B85-FAE99C63E199}.Debug|Any CPU.ActiveCfg = Debug|Any CPU
		{D8F2D9CC-3A80-493B-9B85-FAE99C63E199}.Debug|Any CPU.Build.0 = Debug|Any CPU
		{D8F2D9CC-3A80-493B-9B85-FAE99C63E199}.Release|Any CPU.ActiveCfg = Release|Any CPU
		{D8F2D9CC-3A80-493B-9B85-FAE99C63E199}.Release|Any CPU.Build.0 = Release|Any CPU
		{8B549D79-EB84-4424-817F-68813D96A9D8}.Debug|Any CPU.ActiveCfg = Debug|Any CPU
		{8B549D79-EB84-4424-817F-68813D96A9D8}.Debug|Any CPU.Build.0 = Debug|Any CPU
		{8B549D79-EB84-4424-817F-68813D96A9D8}.Release|Any CPU.ActiveCfg = Release|Any CPU
		{8B549D79-EB84-4424-817F-68813D96A9D8}.Release|Any CPU.Build.0 = Release|Any CPU
		{D49B294E-8FB5-4774-9384-D8C19D18DC9E}.Debug|Any CPU.ActiveCfg = Debug|Any CPU
		{D49B294E-8FB5-4774-9384-D8C19D18DC9E}.Debug|Any CPU.Build.0 = Debug|Any CPU
		{D49B294E-8FB5-4774-9384-D8C19D18DC9E}.Release|Any CPU.ActiveCfg = Release|Any CPU
		{D49B294E-8FB5-4774-9384-D8C19D18DC9E}.Release|Any CPU.Build.0 = Release|Any CPU
		{3DC0A8B9-7C1B-47B8-BC9F-ED73FDC763AA}.Debug|Any CPU.ActiveCfg = Debug|Any CPU
		{3DC0A8B9-7C1B-47B8-BC9F-ED73FDC763AA}.Debug|Any CPU.Build.0 = Debug|Any CPU
		{3DC0A8B9-7C1B-47B8-BC9F-ED73FDC763AA}.Release|Any CPU.ActiveCfg = Release|Any CPU
		{3DC0A8B9-7C1B-47B8-BC9F-ED73FDC763AA}.Release|Any CPU.Build.0 = Release|Any CPU
		{D7DABEF1-DBEA-4613-AF57-32A36E2F49A0}.Debug|Any CPU.ActiveCfg = Debug|Any CPU
		{D7DABEF1-DBEA-4613-AF57-32A36E2F49A0}.Debug|Any CPU.Build.0 = Debug|Any CPU
		{D7DABEF1-DBEA-4613-AF57-32A36E2F49A0}.Release|Any CPU.ActiveCfg = Release|Any CPU
		{D7DABEF1-DBEA-4613-AF57-32A36E2F49A0}.Release|Any CPU.Build.0 = Release|Any CPU
	EndGlobalSection
	GlobalSection(SolutionProperties) = preSolution
		HideSolutionNode = FALSE
	EndGlobalSection
	GlobalSection(NestedProjects) = preSolution
		{A6CF1F8A-C2EF-487B-9075-457BCAB1BDDB} = {32401358-7DB0-4D21-983C-2D509AAAD73F}
		{3AF1A95B-8604-4CD7-81E2-88326BCD111F} = {C647ECBE-E0A8-4F22-8523-CE87C7A5EC83}
		{6EDAAD4F-9EBC-4D3E-9E52-C26754C3AAB0} = {3AF1A95B-8604-4CD7-81E2-88326BCD111F}
		{7DE9CB73-B42A-47E7-BCCD-BBFDC960A493} = {3AF1A95B-8604-4CD7-81E2-88326BCD111F}
		{D26ACDCB-A238-4CEF-8F8D-8EC1095A6C45} = {3AF1A95B-8604-4CD7-81E2-88326BCD111F}
		{D8F2D9CC-3A80-493B-9B85-FAE99C63E199} = {3AF1A95B-8604-4CD7-81E2-88326BCD111F}
		{8B549D79-EB84-4424-817F-68813D96A9D8} = {1C5F195F-5244-4B4A-91ED-EA82944D9B24}
		{D49B294E-8FB5-4774-9384-D8C19D18DC9E} = {1C5F195F-5244-4B4A-91ED-EA82944D9B24}
		{3DC0A8B9-7C1B-47B8-BC9F-ED73FDC763AA} = {32401358-7DB0-4D21-983C-2D509AAAD73F}
		{D7DABEF1-DBEA-4613-AF57-32A36E2F49A0} = {32401358-7DB0-4D21-983C-2D509AAAD73F}
	EndGlobalSection
	GlobalSection(ExtensibilityGlobals) = postSolution
		SolutionGuid = {8118CA91-3C4C-4FB6-BC1E-9EA2603BF823}
	EndGlobalSection
EndGlobal
